// !$*UTF8*$!
{
	archiveVersion = 1;
	classes = {
	};
	objectVersion = 50;
	objects = {

/* Begin PBXBuildFile section */
		DDDFB89226B29FB900A4CBAB /* AppDelegate.swift in Sources */ = {isa = PBXBuildFile; fileRef = DDDFB89126B29FB900A4CBAB /* AppDelegate.swift */; };
		DDDFB89426B29FB900A4CBAB /* SceneDelegate.swift in Sources */ = {isa = PBXBuildFile; fileRef = DDDFB89326B29FB900A4CBAB /* SceneDelegate.swift */; };
		DDDFB89626B29FB900A4CBAB /* ViewController.swift in Sources */ = {isa = PBXBuildFile; fileRef = DDDFB89526B29FB900A4CBAB /* ViewController.swift */; };
		DDDFB89926B29FB900A4CBAB /* Main.storyboard in Resources */ = {isa = PBXBuildFile; fileRef = DDDFB89726B29FB900A4CBAB /* Main.storyboard */; };
		DDDFB89B26B29FBB00A4CBAB /* Assets.xcassets in Resources */ = {isa = PBXBuildFile; fileRef = DDDFB89A26B29FBB00A4CBAB /* Assets.xcassets */; };
		DDDFB89E26B29FBB00A4CBAB /* LaunchScreen.storyboard in Resources */ = {isa = PBXBuildFile; fileRef = DDDFB89C26B29FBB00A4CBAB /* LaunchScreen.storyboard */; };
/* End PBXBuildFile section */

/* Begin PBXFileReference section */
		DDDFB88E26B29FB900A4CBAB /* Project-MVVM.app */ = {isa = PBXFileReference; explicitFileType = wrapper.application; includeInIndex = 0; path = "Project-MVVM.app"; sourceTree = BUILT_PRODUCTS_DIR; };
		DDDFB89126B29FB900A4CBAB /* AppDelegate.swift */ = {isa = PBXFileReference; lastKnownFileType = sourcecode.swift; path = AppDelegate.swift; sourceTree = "<group>"; };
		DDDFB89326B29FB900A4CBAB /* SceneDelegate.swift */ = {isa = PBXFileReference; lastKnownFileType = sourcecode.swift; path = SceneDelegate.swift; sourceTree = "<group>"; };
		DDDFB89526B29FB900A4CBAB /* ViewController.swift */ = {isa = PBXFileReference; lastKnownFileType = sourcecode.swift; path = ViewController.swift; sourceTree = "<group>"; };
		DDDFB89826B29FB900A4CBAB /* Base */ = {isa = PBXFileReference; lastKnownFileType = file.storyboard; name = Base; path = Base.lproj/Main.storyboard; sourceTree = "<group>"; };
		DDDFB89A26B29FBB00A4CBAB /* Assets.xcassets */ = {isa = PBXFileReference; lastKnownFileType = folder.assetcatalog; path = Assets.xcassets; sourceTree = "<group>"; };
		DDDFB89D26B29FBB00A4CBAB /* Base */ = {isa = PBXFileReference; lastKnownFileType = file.storyboard; name = Base; path = Base.lproj/LaunchScreen.storyboard; sourceTree = "<group>"; };
		DDDFB89F26B29FBB00A4CBAB /* Info.plist */ = {isa = PBXFileReference; lastKnownFileType = text.plist.xml; path = Info.plist; sourceTree = "<group>"; };
/* End PBXFileReference section */

/* Begin PBXFrameworksBuildPhase section */
		DDDFB88B26B29FB900A4CBAB /* Frameworks */ = {
			isa = PBXFrameworksBuildPhase;
			buildActionMask = 2147483647;
			files = (
			);
			runOnlyForDeploymentPostprocessing = 0;
		};
/* End PBXFrameworksBuildPhase section */

/* Begin PBXGroup section */
		DDDFB88526B29FB900A4CBAB = {
			isa = PBXGroup;
			children = (
				DDDFB89026B29FB900A4CBAB /* Project-MVVM */,
				DDDFB88F26B29FB900A4CBAB /* Products */,
			);
			sourceTree = "<group>";
		};
		DDDFB88F26B29FB900A4CBAB /* Products */ = {
			isa = PBXGroup;
			children = (
				DDDFB88E26B29FB900A4CBAB /* Project-MVVM.app */,
			);
			name = Products;
			sourceTree = "<group>";
		};
		DDDFB89026B29FB900A4CBAB /* Project-MVVM */ = {
			isa = PBXGroup;
			children = (
				DDDFB89126B29FB900A4CBAB /* AppDelegate.swift */,
				DDDFB89326B29FB900A4CBAB /* SceneDelegate.swift */,
				DDDFB89526B29FB900A4CBAB /* ViewController.swift */,
				DDDFB89726B29FB900A4CBAB /* Main.storyboard */,
				DDDFB89A26B29FBB00A4CBAB /* Assets.xcassets */,
				DDDFB89C26B29FBB00A4CBAB /* LaunchScreen.storyboard */,
				DDDFB89F26B29FBB00A4CBAB /* Info.plist */,
			);
			path = "Project-MVVM";
			sourceTree = "<group>";
		};
/* End PBXGroup section */

/* Begin PBXNativeTarget section */
		DDDFB88D26B29FB900A4CBAB /* Project-MVVM */ = {
			isa = PBXNativeTarget;
			buildConfigurationList = DDDFB8A226B29FBB00A4CBAB /* Build configuration list for PBXNativeTarget "Project-MVVM" */;
			buildPhases = (
				DDDFB88A26B29FB900A4CBAB /* Sources */,
				DDDFB88B26B29FB900A4CBAB /* Frameworks */,
				DDDFB88C26B29FB900A4CBAB /* Resources */,
			);
			buildRules = (
			);
			dependencies = (
			);
			name = "Project-MVVM";
			productName = "Project-MVVM";
			productReference = DDDFB88E26B29FB900A4CBAB /* Project-MVVM.app */;
			productType = "com.apple.product-type.application";
		};
/* End PBXNativeTarget section */

/* Begin PBXProject section */
		DDDFB88626B29FB900A4CBAB /* Project object */ = {
			isa = PBXProject;
			attributes = {
				LastSwiftUpdateCheck = 1240;
				LastUpgradeCheck = 1240;
				TargetAttributes = {
					DDDFB88D26B29FB900A4CBAB = {
						CreatedOnToolsVersion = 12.4;
					};
				};
			};
			buildConfigurationList = DDDFB88926B29FB900A4CBAB /* Build configuration list for PBXProject "Project-MVVM" */;
			compatibilityVersion = "Xcode 9.3";
			developmentRegion = en;
			hasScannedForEncodings = 0;
			knownRegions = (
				en,
				Base,
			);
			mainGroup = DDDFB88526B29FB900A4CBAB;
			productRefGroup = DDDFB88F26B29FB900A4CBAB /* Products */;
			projectDirPath = "";
			projectRoot = "";
			targets = (
				DDDFB88D26B29FB900A4CBAB /* Project-MVVM */,
			);
		};
/* End PBXProject section */

/* Begin PBXResourcesBuildPhase section */
		DDDFB88C26B29FB900A4CBAB /* Resources */ = {
			isa = PBXResourcesBuildPhase;
			buildActionMask = 2147483647;
			files = (
				DDDFB89E26B29FBB00A4CBAB /* LaunchScreen.storyboard in Resources */,
				DDDFB89B26B29FBB00A4CBAB /* Assets.xcassets in Resources */,
				DDDFB89926B29FB900A4CBAB /* Main.storyboard in Resources */,
			);
			runOnlyForDeploymentPostprocessing = 0;
		};
/* End PBXResourcesBuildPhase section */

/* Begin PBXSourcesBuildPhase section */
		DDDFB88A26B29FB900A4CBAB /* Sources */ = {
			isa = PBXSourcesBuildPhase;
			buildActionMask = 2147483647;
			files = (
				DDDFB89626B29FB900A4CBAB /* ViewController.swift in Sources */,
				DDDFB89226B29FB900A4CBAB /* AppDelegate.swift in Sources */,
				DDDFB89426B29FB900A4CBAB /* SceneDelegate.swift in Sources */,
			);
			runOnlyForDeploymentPostprocessing = 0;
		};
/* End PBXSourcesBuildPhase section */

/* Begin PBXVariantGroup section */
		DDDFB89726B29FB900A4CBAB /* Main.storyboard */ = {
			isa = PBXVariantGroup;
			children = (
				DDDFB89826B29FB900A4CBAB /* Base */,
			);
			name = Main.storyboard;
			sourceTree = "<group>";
		};
		DDDFB89C26B29FBB00A4CBAB /* LaunchScreen.storyboard */ = {
			isa = PBXVariantGroup;
			children = (
				DDDFB89D26B29FBB00A4CBAB /* Base */,
			);
			name = LaunchScreen.storyboard;
			sourceTree = "<group>";
		};
/* End PBXVariantGroup section */

/* Begin XCBuildConfiguration section */
		DDDFB8A026B29FBB00A4CBAB /* Debug */ = {
			isa = XCBuildConfiguration;
			buildSettings = {
				ALWAYS_SEARCH_USER_PATHS = NO;
				CLANG_ANALYZER_NONNULL = YES;
				CLANG_ANALYZER_NUMBER_OBJECT_CONVERSION = YES_AGGRESSIVE;
				CLANG_CXX_LANGUAGE_STANDARD = "gnu++14";
				CLANG_CXX_LIBRARY = "libc++";
				CLANG_ENABLE_MODULES = YES;
				CLANG_ENABLE_OBJC_ARC = YES;
				CLANG_ENABLE_OBJC_WEAK = YES;
				CLANG_WARN_BLOCK_CAPTURE_AUTORELEASING = YES;
				CLANG_WARN_BOOL_CONVERSION = YES;
				CLANG_WARN_COMMA = YES;
				CLANG_WARN_CONSTANT_CONVERSION = YES;
				CLANG_WARN_DEPRECATED_OBJC_IMPLEMENTATIONS = YES;
				CLANG_WARN_DIRECT_OBJC_ISA_USAGE = YES_ERROR;
				CLANG_WARN_DOCUMENTATION_COMMENTS = YES;
				CLANG_WARN_EMPTY_BODY = YES;
				CLANG_WARN_ENUM_CONVERSION = YES;
				CLANG_WARN_INFINITE_RECURSION = YES;
				CLANG_WARN_INT_CONVERSION = YES;
				CLANG_WARN_NON_LITERAL_NULL_CONVERSION = YES;
				CLANG_WARN_OBJC_IMPLICIT_RETAIN_SELF = YES;
				CLANG_WARN_OBJC_LITERAL_CONVERSION = YES;
				CLANG_WARN_OBJC_ROOT_CLASS = YES_ERROR;
				CLANG_WARN_QUOTED_INCLUDE_IN_FRAMEWORK_HEADER = YES;
				CLANG_WARN_RANGE_LOOP_ANALYSIS = YES;
				CLANG_WARN_STRICT_PROTOTYPES = YES;
				CLANG_WARN_SUSPICIOUS_MOVE = YES;
				CLANG_WARN_UNGUARDED_AVAILABILITY = YES_AGGRESSIVE;
				CLANG_WARN_UNREACHABLE_CODE = YES;
				CLANG_WARN__DUPLICATE_METHOD_MATCH = YES;
				COPY_PHASE_STRIP = NO;
				DEBUG_INFORMATION_FORMAT = dwarf;
				ENABLE_STRICT_OBJC_MSGSEND = YES;
				ENABLE_TESTABILITY = YES;
				GCC_C_LANGUAGE_STANDARD = gnu11;
				GCC_DYNAMIC_NO_PIC = NO;
				GCC_NO_COMMON_BLOCKS = YES;
				GCC_OPTIMIZATION_LEVEL = 0;
				GCC_PREPROCESSOR_DEFINITIONS = (
					"DEBUG=1",
					"$(inherited)",
				);
				GCC_WARN_64_TO_32_BIT_CONVERSION = YES;
				GCC_WARN_ABOUT_RETURN_TYPE = YES_ERROR;
				GCC_WARN_UNDECLARED_SELECTOR = YES;
				GCC_WARN_UNINITIALIZED_AUTOS = YES_AGGRESSIVE;
				GCC_WARN_UNUSED_FUNCTION = YES;
				GCC_WARN_UNUSED_VARIABLE = YES;
				IPHONEOS_DEPLOYMENT_TARGET = 14.4;
				MTL_ENABLE_DEBUG_INFO = INCLUDE_SOURCE;
				MTL_FAST_MATH = YES;
				ONLY_ACTIVE_ARCH = YES;
				SDKROOT = iphoneos;
				SWIFT_ACTIVE_COMPILATION_CONDITIONS = DEBUG;
				SWIFT_OPTIMIZATION_LEVEL = "-Onone";
			};
			name = Debug;
		};
		DDDFB8A126B29FBB00A4CBAB /* Release */ = {
			isa = XCBuildConfiguration;
			buildSettings = {
				ALWAYS_SEARCH_USER_PATHS = NO;
				CLANG_ANALYZER_NONNULL = YES;
				CLANG_ANALYZER_NUMBER_OBJECT_CONVERSION = YES_AGGRESSIVE;
				CLANG_CXX_LANGUAGE_STANDARD = "gnu++14";
				CLANG_CXX_LIBRARY = "libc++";
				CLANG_ENABLE_MODULES = YES;
				CLANG_ENABLE_OBJC_ARC = YES;
				CLANG_ENABLE_OBJC_WEAK = YES;
				CLANG_WARN_BLOCK_CAPTURE_AUTORELEASING = YES;
				CLANG_WARN_BOOL_CONVERSION = YES;
				CLANG_WARN_COMMA = YES;
				CLANG_WARN_CONSTANT_CONVERSION = YES;
				CLANG_WARN_DEPRECATED_OBJC_IMPLEMENTATIONS = YES;
				CLANG_WARN_DIRECT_OBJC_ISA_USAGE = YES_ERROR;
				CLANG_WARN_DOCUMENTATION_COMMENTS = YES;
				CLANG_WARN_EMPTY_BODY = YES;
				CLANG_WARN_ENUM_CONVERSION = YES;
				CLANG_WARN_INFINITE_RECURSION = YES;
				CLANG_WARN_INT_CONVERSION = YES;
				CLANG_WARN_NON_LITERAL_NULL_CONVERSION = YES;
				CLANG_WARN_OBJC_IMPLICIT_RETAIN_SELF = YES;
				CLANG_WARN_OBJC_LITERAL_CONVERSION = YES;
				CLANG_WARN_OBJC_ROOT_CLASS = YES_ERROR;
				CLANG_WARN_QUOTED_INCLUDE_IN_FRAMEWORK_HEADER = YES;
				CLANG_WARN_RANGE_LOOP_ANALYSIS = YES;
				CLANG_WARN_STRICT_PROTOTYPES = YES;
				CLANG_WARN_SUSPICIOUS_MOVE = YES;
				CLANG_WARN_UNGUARDED_AVAILABILITY = YES_AGGRESSIVE;
				CLANG_WARN_UNREACHABLE_CODE = YES;
				CLANG_WARN__DUPLICATE_METHOD_MATCH = YES;
				COPY_PHASE_STRIP = NO;
				DEBUG_INFORMATION_FORMAT = "dwarf-with-dsym";
				ENABLE_NS_ASSERTIONS = NO;
				ENABLE_STRICT_OBJC_MSGSEND = YES;
				GCC_C_LANGUAGE_STANDARD = gnu11;
				GCC_NO_COMMON_BLOCKS = YES;
				GCC_WARN_64_TO_32_BIT_CONVERSION = YES;
				GCC_WARN_ABOUT_RETURN_TYPE = YES_ERROR;
				GCC_WARN_UNDECLARED_SELECTOR = YES;
				GCC_WARN_UNINITIALIZED_AUTOS = YES_AGGRESSIVE;
				GCC_WARN_UNUSED_FUNCTION = YES;
				GCC_WARN_UNUSED_VARIABLE = YES;
				IPHONEOS_DEPLOYMENT_TARGET = 14.4;
				MTL_ENABLE_DEBUG_INFO = NO;
				MTL_FAST_MATH = YES;
				SDKROOT = iphoneos;
				SWIFT_COMPILATION_MODE = wholemodule;
				SWIFT_OPTIMIZATION_LEVEL = "-O";
				VALIDATE_PRODUCT = YES;
			};
			name = Release;
		};
		DDDFB8A326B29FBB00A4CBAB /* Debug */ = {
			isa = XCBuildConfiguration;
			buildSettings = {
				ASSETCATALOG_COMPILER_APPICON_NAME = AppIcon;
				ASSETCATALOG_COMPILER_GLOBAL_ACCENT_COLOR_NAME = AccentColor;
				CODE_SIGN_STYLE = Automatic;
				INFOPLIST_FILE = "Project-MVVM/Info.plist";
				LD_RUNPATH_SEARCH_PATHS = (
					"$(inherited)",
					"@executable_path/Frameworks",
				);
				PRODUCT_BUNDLE_IDENTIFIER = "com.mobisoftinfotech.NewsApp.Project-MVVM";
				PRODUCT_NAME = "$(TARGET_NAME)";
				SWIFT_VERSION = 5.0;
				TARGETED_DEVICE_FAMILY = "1,2";
			};
			name = Debug;
		};
		DDDFB8A426B29FBB00A4CBAB /* Release */ = {
			isa = XCBuildConfiguration;
			buildSettings = {
				ASSETCATALOG_COMPILER_APPICON_NAME = AppIcon;
				ASSETCATALOG_COMPILER_GLOBAL_ACCENT_COLOR_NAME = AccentColor;
				CODE_SIGN_STYLE = Automatic;
				INFOPLIST_FILE = "Project-MVVM/Info.plist";
				LD_RUNPATH_SEARCH_PATHS = (
					"$(inherited)",
					"@executable_path/Frameworks",
				);
				PRODUCT_BUNDLE_IDENTIFIER = "com.mobisoftinfotech.NewsApp.Project-MVVM";
				PRODUCT_NAME = "$(TARGET_NAME)";
				SWIFT_VERSION = 5.0;
				TARGETED_DEVICE_FAMILY = "1,2";
			};
			name = Release;
		};
/* End XCBuildConfiguration section */

/* Begin XCConfigurationList section */
		DDDFB88926B29FB900A4CBAB /* Build configuration list for PBXProject "Project-MVVM" */ = {
			isa = XCConfigurationList;
			buildConfigurations = (
				DDDFB8A026B29FBB00A4CBAB /* Debug */,
				DDDFB8A126B29FBB00A4CBAB /* Release */,
			);
			defaultConfigurationIsVisible = 0;
			defaultConfigurationName = Release;
		};
		DDDFB8A226B29FBB00A4CBAB /* Build configuration list for PBXNativeTarget "Project-MVVM" */ = {
			isa = XCConfigurationList;
			buildConfigurations = (
				DDDFB8A326B29FBB00A4CBAB /* Debug */,
				DDDFB8A426B29FBB00A4CBAB /* Release */,
			);
			defaultConfigurationIsVisible = 0;
			defaultConfigurationName = Release;
		};
/* End XCConfigurationList section */
	};
	rootObject = DDDFB88626B29FB900A4CBAB /* Project object */;
}
